
Microsoft Visual Studio Solution File, Format Version 12.00
# Visual Studio Version 17
VisualStudioVersion = 17.3.32929.385
MinimumVisualStudioVersion = 10.0.40219.1
Project("{FAE04EC0-301F-11D3-BF4B-00C04F79EFBC}") = "FreeMng", "FreeMng\FreeMng.csproj", "{5F26909C-B9BA-4CAD-BE55-7DE6A118CB4A}"
EndProject
Global
	GlobalSection(SolutionConfigurationPlatforms) = preSolution
		Debug|Any CPU = Debug|Any CPU
		Release|Any CPU = Release|Any CPU
	EndGlobalSection
	GlobalSection(ProjectConfigurationPlatforms) = postSolution
		{5F26909C-B9BA-4CAD-BE55-7DE6A118CB4A}.Debug|Any CPU.ActiveCfg = Debug|Any CPU
		{5F26909C-B9BA-4CAD-BE55-7DE6A118CB4A}.Debug|Any CPU.Build.0 = Debug|Any CPU
		{5F26909C-B9BA-4CAD-BE55-7DE6A118CB4A}.Release|Any CPU.ActiveCfg = Release|Any CPU
		{5F26909C-B9BA-4CAD-BE55-7DE6A118CB4A}.Release|Any CPU.Build.0 = Release|Any CPU
	EndGlobalSection
	GlobalSection(SolutionProperties) = preSolution
		HideSolutionNode = FALSE
	EndGlobalSection
	GlobalSection(ExtensibilityGlobals) = postSolution
		SolutionGuid = {825AB1E7-2869-42B9-97FA-E3A42AB45C6F}
	EndGlobalSection
EndGlobal
